
Microsoft Visual Studio Solution File, Format Version 12.00
# Visual Studio Version 17
VisualStudioVersion = 17.14.36616.10
MinimumVisualStudioVersion = 10.0.40219.1
Project("{FAE04EC0-301F-11D3-BF4B-00C04F79EFBC}") = "practica", "practica\practica.csproj", "{675161FA-0192-4DF5-9E44-E965D1FEF57D}"
EndProject
Project("{FAE04EC0-301F-11D3-BF4B-00C04F79EFBC}") = "Installer", "Installer\Installer.csproj", "{BDDB0043-95FF-4E37-BDEB-097BE673608D}"
EndProject
Global
	GlobalSection(SolutionConfigurationPlatforms) = preSolution
		Debug|Any CPU = Debug|Any CPU
		Release|Any CPU = Release|Any CPU
	EndGlobalSection
	GlobalSection(ProjectConfigurationPlatforms) = postSolution
		{675161FA-0192-4DF5-9E44-E965D1FEF57D}.Debug|Any CPU.ActiveCfg = Debug|Any CPU
		{675161FA-0192-4DF5-9E44-E965D1FEF57D}.Debug|Any CPU.Build.0 = Debug|Any CPU
		{675161FA-0192-4DF5-9E44-E965D1FEF57D}.Release|Any CPU.ActiveCfg = Release|Any CPU
		{675161FA-0192-4DF5-9E44-E965D1FEF57D}.Release|Any CPU.Build.0 = Release|Any CPU
		{BDDB0043-95FF-4E37-BDEB-097BE673608D}.Debug|Any CPU.ActiveCfg = Debug|Any CPU
		{BDDB0043-95FF-4E37-BDEB-097BE673608D}.Debug|Any CPU.Build.0 = Debug|Any CPU
		{BDDB0043-95FF-4E37-BDEB-097BE673608D}.Release|Any CPU.ActiveCfg = Release|Any CPU
		{BDDB0043-95FF-4E37-BDEB-097BE673608D}.Release|Any CPU.Build.0 = Release|Any CPU
	EndGlobalSection
	GlobalSection(SolutionProperties) = preSolution
		HideSolutionNode = FALSE
	EndGlobalSection
	GlobalSection(ExtensibilityGlobals) = postSolution
		SolutionGuid = {5F1FD37E-2178-46ED-8EA8-5912DB2897D4}
	EndGlobalSection
EndGlobal
